
Microsoft Visual Studio Solution File, Format Version 12.00
# Visual Studio 15
VisualStudioVersion = 15.0.28307.421
MinimumVisualStudioVersion = 10.0.40219.1
Project("{FAE04EC0-301F-11D3-BF4B-00C04F79EFBC}") = "FoodTeaShop1", "FoodTeaShop1\FoodTeaShop1.csproj", "{A0B1F1E9-9CF5-42AC-8EB6-A6C7EE3D3200}"
EndProject
Project("{FAE04EC0-301F-11D3-BF4B-00C04F79EFBC}") = "Model", "Model\Model.csproj", "{EC44B6A0-6965-4E26-9249-183B41976B0A}"
EndProject
Project("{FAE04EC0-301F-11D3-BF4B-00C04F79EFBC}") = "Common", "Common\Common.csproj", "{B114D045-BA6D-4E1F-B923-4B33CC175C8D}"
EndProject
Global
	GlobalSection(SolutionConfigurationPlatforms) = preSolution
		Debug|Any CPU = Debug|Any CPU
		Release|Any CPU = Release|Any CPU
	EndGlobalSection
	GlobalSection(ProjectConfigurationPlatforms) = postSolution
		{A0B1F1E9-9CF5-42AC-8EB6-A6C7EE3D3200}.Debug|Any CPU.ActiveCfg = Debug|Any CPU
		{A0B1F1E9-9CF5-42AC-8EB6-A6C7EE3D3200}.Debug|Any CPU.Build.0 = Debug|Any CPU
		{A0B1F1E9-9CF5-42AC-8EB6-A6C7EE3D3200}.Release|Any CPU.ActiveCfg = Release|Any CPU
		{A0B1F1E9-9CF5-42AC-8EB6-A6C7EE3D3200}.Release|Any CPU.Build.0 = Release|Any CPU
		{EC44B6A0-6965-4E26-9249-183B41976B0A}.Debug|Any CPU.ActiveCfg = Debug|Any CPU
		{EC44B6A0-6965-4E26-9249-183B41976B0A}.Debug|Any CPU.Build.0 = Debug|Any CPU
		{EC44B6A0-6965-4E26-9249-183B41976B0A}.Release|Any CPU.ActiveCfg = Release|Any CPU
		{EC44B6A0-6965-4E26-9249-183B41976B0A}.Release|Any CPU.Build.0 = Release|Any CPU
		{B114D045-BA6D-4E1F-B923-4B33CC175C8D}.Debug|Any CPU.ActiveCfg = Debug|Any CPU
		{B114D045-BA6D-4E1F-B923-4B33CC175C8D}.Debug|Any CPU.Build.0 = Debug|Any CPU
		{B114D045-BA6D-4E1F-B923-4B33CC175C8D}.Release|Any CPU.ActiveCfg = Release|Any CPU
		{B114D045-BA6D-4E1F-B923-4B33CC175C8D}.Release|Any CPU.Build.0 = Release|Any CPU
	EndGlobalSection
	GlobalSection(SolutionProperties) = preSolution
		HideSolutionNode = FALSE
	EndGlobalSection
	GlobalSection(ExtensibilityGlobals) = postSolution
		SolutionGuid = {1D177D6C-6333-4741-81D4-8895CEFB1BA0}
	EndGlobalSection
EndGlobal
